
Microsoft Visual Studio Solution File, Format Version 12.00
# Visual Studio Version 17
VisualStudioVersion = 17.2.32630.192
MinimumVisualStudioVersion = 10.0.40219.1
Project("{FAE04EC0-301F-11D3-BF4B-00C04F79EFBC}") = "AdventOfCode2024", "AdventOfCode2024\AdventOfCode2024.csproj", "{204CD378-2D1F-406C-9416-2850EF99877B}"
EndProject
Global
	GlobalSection(SolutionConfigurationPlatforms) = preSolution
		Debug|Any CPU = Debug|Any CPU
		Release|Any CPU = Release|Any CPU
	EndGlobalSection
	GlobalSection(ProjectConfigurationPlatforms) = postSolution
		{204CD378-2D1F-406C-9416-2850EF99877B}.Debug|Any CPU.ActiveCfg = Debug|Any CPU
		{204CD378-2D1F-406C-9416-2850EF99877B}.Debug|Any CPU.Build.0 = Debug|Any CPU
		{204CD378-2D1F-406C-9416-2850EF99877B}.Release|Any CPU.ActiveCfg = Release|Any CPU
		{204CD378-2D1F-406C-9416-2850EF99877B}.Release|Any CPU.Build.0 = Release|Any CPU
	EndGlobalSection
	GlobalSection(SolutionProperties) = preSolution
		HideSolutionNode = FALSE
	EndGlobalSection
	GlobalSection(ExtensibilityGlobals) = postSolution
		SolutionGuid = {DA57B0B0-17CB-44AE-A0EF-37DB556F973C}
	EndGlobalSection
EndGlobal
